
Microsoft Visual Studio Solution File, Format Version 12.00
# Visual Studio Version 17
VisualStudioVersion = 17.14.36414.22 d17.14
MinimumVisualStudioVersion = 10.0.40219.1
Project("{2150E333-8FDC-42A3-9474-1A3956D46DE8}") = "src", "src", "{02EA681E-C7D8-13C7-8484-4AC65E1B71E8}"
EndProject
Project("{2150E333-8FDC-42A3-9474-1A3956D46DE8}") = "Core", "Core", "{4FD6445D-37E0-4319-9D29-8944E78EC6F8}"
EndProject
Project("{2150E333-8FDC-42A3-9474-1A3956D46DE8}") = "Application", "Application", "{DBD4D07B-A81E-4AC9-9E3A-579F598A46C4}"
EndProject
Project("{2150E333-8FDC-42A3-9474-1A3956D46DE8}") = "Domain", "Domain", "{A3B44347-FEAD-4204-AC80-35D69B8139BB}"
EndProject
Project("{2150E333-8FDC-42A3-9474-1A3956D46DE8}") = "Infrastructure", "Infrastructure", "{9FE592B9-2CFB-4347-AEE0-858C7C34EAD4}"
EndProject
Project("{2150E333-8FDC-42A3-9474-1A3956D46DE8}") = "Presentation", "Presentation", "{9D248599-A421-4E69-A265-08B4686E9BE8}"
EndProject
Project("{FAE04EC0-301F-11D3-BF4B-00C04F79EFBC}") = "ApplicationLayer", "ApplicationLayer\ApplicationLayer.csproj", "{1DCAA4E7-0F0F-45DF-8908-07CB0BB1E10C}"
EndProject
Project("{FAE04EC0-301F-11D3-BF4B-00C04F79EFBC}") = "DomainLayer", "DomainLayer\DomainLayer.csproj", "{87865C85-CB77-4A32-9160-9A5C1C9F7110}"
EndProject
Project("{FAE04EC0-301F-11D3-BF4B-00C04F79EFBC}") = "InfrastructureLayer", "InfrastructureLayer\InfrastructureLayer.csproj", "{727BCA65-7AD0-4A09-87D7-3F4402DEB448}"
EndProject
Project("{FAE04EC0-301F-11D3-BF4B-00C04F79EFBC}") = "Kavan.Api", "Kavan.Api\Kavan.Api.csproj", "{00CBC658-823F-40C3-8879-5908431041F7}"
EndProject
Global
	GlobalSection(SolutionConfigurationPlatforms) = preSolution
		Debug|Any CPU = Debug|Any CPU
		Release|Any CPU = Release|Any CPU
	EndGlobalSection
	GlobalSection(ProjectConfigurationPlatforms) = postSolution
		{1DCAA4E7-0F0F-45DF-8908-07CB0BB1E10C}.Debug|Any CPU.ActiveCfg = Debug|Any CPU
		{1DCAA4E7-0F0F-45DF-8908-07CB0BB1E10C}.Debug|Any CPU.Build.0 = Debug|Any CPU
		{1DCAA4E7-0F0F-45DF-8908-07CB0BB1E10C}.Release|Any CPU.ActiveCfg = Release|Any CPU
		{1DCAA4E7-0F0F-45DF-8908-07CB0BB1E10C}.Release|Any CPU.Build.0 = Release|Any CPU
		{87865C85-CB77-4A32-9160-9A5C1C9F7110}.Debug|Any CPU.ActiveCfg = Debug|Any CPU
		{87865C85-CB77-4A32-9160-9A5C1C9F7110}.Debug|Any CPU.Build.0 = Debug|Any CPU
		{87865C85-CB77-4A32-9160-9A5C1C9F7110}.Release|Any CPU.ActiveCfg = Release|Any CPU
		{87865C85-CB77-4A32-9160-9A5C1C9F7110}.Release|Any CPU.Build.0 = Release|Any CPU
		{727BCA65-7AD0-4A09-87D7-3F4402DEB448}.Debug|Any CPU.ActiveCfg = Debug|Any CPU
		{727BCA65-7AD0-4A09-87D7-3F4402DEB448}.Debug|Any CPU.Build.0 = Debug|Any CPU
		{727BCA65-7AD0-4A09-87D7-3F4402DEB448}.Release|Any CPU.ActiveCfg = Release|Any CPU
		{727BCA65-7AD0-4A09-87D7-3F4402DEB448}.Release|Any CPU.Build.0 = Release|Any CPU
		{00CBC658-823F-40C3-8879-5908431041F7}.Debug|Any CPU.ActiveCfg = Debug|Any CPU
		{00CBC658-823F-40C3-8879-5908431041F7}.Debug|Any CPU.Build.0 = Debug|Any CPU
		{00CBC658-823F-40C3-8879-5908431041F7}.Release|Any CPU.ActiveCfg = Release|Any CPU
		{00CBC658-823F-40C3-8879-5908431041F7}.Release|Any CPU.Build.0 = Release|Any CPU
	EndGlobalSection
	GlobalSection(SolutionProperties) = preSolution
		HideSolutionNode = FALSE
	EndGlobalSection
	GlobalSection(NestedProjects) = preSolution
		{4FD6445D-37E0-4319-9D29-8944E78EC6F8} = {02EA681E-C7D8-13C7-8484-4AC65E1B71E8}
		{DBD4D07B-A81E-4AC9-9E3A-579F598A46C4} = {4FD6445D-37E0-4319-9D29-8944E78EC6F8}
		{A3B44347-FEAD-4204-AC80-35D69B8139BB} = {4FD6445D-37E0-4319-9D29-8944E78EC6F8}
		{9FE592B9-2CFB-4347-AEE0-858C7C34EAD4} = {02EA681E-C7D8-13C7-8484-4AC65E1B71E8}
		{9D248599-A421-4E69-A265-08B4686E9BE8} = {02EA681E-C7D8-13C7-8484-4AC65E1B71E8}
		{1DCAA4E7-0F0F-45DF-8908-07CB0BB1E10C} = {DBD4D07B-A81E-4AC9-9E3A-579F598A46C4}
		{87865C85-CB77-4A32-9160-9A5C1C9F7110} = {A3B44347-FEAD-4204-AC80-35D69B8139BB}
		{727BCA65-7AD0-4A09-87D7-3F4402DEB448} = {9FE592B9-2CFB-4347-AEE0-858C7C34EAD4}
		{00CBC658-823F-40C3-8879-5908431041F7} = {9D248599-A421-4E69-A265-08B4686E9BE8}
	EndGlobalSection
	GlobalSection(ExtensibilityGlobals) = postSolution
		SolutionGuid = {EBBB2E90-22EA-4BDE-8B53-9FD690C36CD4}
	EndGlobalSection
EndGlobal
