
Microsoft Visual Studio Solution File, Format Version 12.00
# Visual Studio Version 17
VisualStudioVersion = 17.14.36414.22 d17.14
MinimumVisualStudioVersion = 10.0.40219.1
Project("{2150E333-8FDC-42A3-9474-1A3956D46DE8}") = "src", "src", "{02EA681E-C7D8-13C7-8484-4AC65E1B71E8}"
EndProject
Project("{2150E333-8FDC-42A3-9474-1A3956D46DE8}") = "Core", "Core", "{612B1F08-8EE7-4B1A-BA97-F451C14EBD76}"
EndProject
Project("{2150E333-8FDC-42A3-9474-1A3956D46DE8}") = "Application", "Application", "{939B69C9-D5E9-4B12-BED2-0ECC3956B12E}"
EndProject
Project("{2150E333-8FDC-42A3-9474-1A3956D46DE8}") = "Domain", "Domain", "{F0D1EC46-C30A-44CD-9D82-DC5544A6EA4E}"
EndProject
Project("{2150E333-8FDC-42A3-9474-1A3956D46DE8}") = "Infrastructure", "Infrastructure", "{F6365D24-83B2-4D9B-91B4-F7D91FF0571C}"
EndProject
Project("{2150E333-8FDC-42A3-9474-1A3956D46DE8}") = "Presentation", "Presentation", "{C52F7A01-C7CD-418D-8FE4-D39250F3AE79}"
EndProject
Project("{FAE04EC0-301F-11D3-BF4B-00C04F79EFBC}") = "ApplicationLayer", "ApplicationLayer\ApplicationLayer.csproj", "{F1193614-1EF5-4BFA-9CD7-6FD023E4E769}"
EndProject
Project("{FAE04EC0-301F-11D3-BF4B-00C04F79EFBC}") = "DomainLayer", "DomainLayer\DomainLayer.csproj", "{561F9F2E-4A04-4707-BA56-ED6F59ABFF04}"
EndProject
Project("{FAE04EC0-301F-11D3-BF4B-00C04F79EFBC}") = "InfrastructureLayer", "InfrastructureLayer\InfrastructureLayer.csproj", "{3F8B9747-AC68-4D69-92BB-99C5751769A3}"
EndProject
Project("{FAE04EC0-301F-11D3-BF4B-00C04F79EFBC}") = "PresentationApp", "PresentationApp\PresentationApp.csproj", "{A59C9F19-55CF-43DB-98E7-E12445A0BEB0}"
EndProject
Global
	GlobalSection(SolutionConfigurationPlatforms) = preSolution
		Debug|Any CPU = Debug|Any CPU
		Release|Any CPU = Release|Any CPU
	EndGlobalSection
	GlobalSection(ProjectConfigurationPlatforms) = postSolution
		{F1193614-1EF5-4BFA-9CD7-6FD023E4E769}.Debug|Any CPU.ActiveCfg = Debug|Any CPU
		{F1193614-1EF5-4BFA-9CD7-6FD023E4E769}.Debug|Any CPU.Build.0 = Debug|Any CPU
		{F1193614-1EF5-4BFA-9CD7-6FD023E4E769}.Release|Any CPU.ActiveCfg = Release|Any CPU
		{F1193614-1EF5-4BFA-9CD7-6FD023E4E769}.Release|Any CPU.Build.0 = Release|Any CPU
		{561F9F2E-4A04-4707-BA56-ED6F59ABFF04}.Debug|Any CPU.ActiveCfg = Debug|Any CPU
		{561F9F2E-4A04-4707-BA56-ED6F59ABFF04}.Debug|Any CPU.Build.0 = Debug|Any CPU
		{561F9F2E-4A04-4707-BA56-ED6F59ABFF04}.Release|Any CPU.ActiveCfg = Release|Any CPU
		{561F9F2E-4A04-4707-BA56-ED6F59ABFF04}.Release|Any CPU.Build.0 = Release|Any CPU
		{3F8B9747-AC68-4D69-92BB-99C5751769A3}.Debug|Any CPU.ActiveCfg = Debug|Any CPU
		{3F8B9747-AC68-4D69-92BB-99C5751769A3}.Debug|Any CPU.Build.0 = Debug|Any CPU
		{3F8B9747-AC68-4D69-92BB-99C5751769A3}.Release|Any CPU.ActiveCfg = Release|Any CPU
		{3F8B9747-AC68-4D69-92BB-99C5751769A3}.Release|Any CPU.Build.0 = Release|Any CPU
		{A59C9F19-55CF-43DB-98E7-E12445A0BEB0}.Debug|Any CPU.ActiveCfg = Debug|Any CPU
		{A59C9F19-55CF-43DB-98E7-E12445A0BEB0}.Debug|Any CPU.Build.0 = Debug|Any CPU
		{A59C9F19-55CF-43DB-98E7-E12445A0BEB0}.Release|Any CPU.ActiveCfg = Release|Any CPU
		{A59C9F19-55CF-43DB-98E7-E12445A0BEB0}.Release|Any CPU.Build.0 = Release|Any CPU
	EndGlobalSection
	GlobalSection(SolutionProperties) = preSolution
		HideSolutionNode = FALSE
	EndGlobalSection
	GlobalSection(NestedProjects) = preSolution
		{612B1F08-8EE7-4B1A-BA97-F451C14EBD76} = {02EA681E-C7D8-13C7-8484-4AC65E1B71E8}
		{939B69C9-D5E9-4B12-BED2-0ECC3956B12E} = {612B1F08-8EE7-4B1A-BA97-F451C14EBD76}
		{F0D1EC46-C30A-44CD-9D82-DC5544A6EA4E} = {612B1F08-8EE7-4B1A-BA97-F451C14EBD76}
		{F6365D24-83B2-4D9B-91B4-F7D91FF0571C} = {02EA681E-C7D8-13C7-8484-4AC65E1B71E8}
		{C52F7A01-C7CD-418D-8FE4-D39250F3AE79} = {02EA681E-C7D8-13C7-8484-4AC65E1B71E8}
		{F1193614-1EF5-4BFA-9CD7-6FD023E4E769} = {939B69C9-D5E9-4B12-BED2-0ECC3956B12E}
		{561F9F2E-4A04-4707-BA56-ED6F59ABFF04} = {F0D1EC46-C30A-44CD-9D82-DC5544A6EA4E}
		{3F8B9747-AC68-4D69-92BB-99C5751769A3} = {F6365D24-83B2-4D9B-91B4-F7D91FF0571C}
		{A59C9F19-55CF-43DB-98E7-E12445A0BEB0} = {C52F7A01-C7CD-418D-8FE4-D39250F3AE79}
	EndGlobalSection
	GlobalSection(ExtensibilityGlobals) = postSolution
		SolutionGuid = {BD1392AF-3A66-4AA0-9642-5821CEBD4152}
	EndGlobalSection
EndGlobal
